<?xml version="1.0" encoding="utf-8"?>
<Project ToolsVersion="4.0" xmlns="http://schemas.microsoft.com/developer/msbuild/2003">
  <ItemGroup>
    <Filter Include="Source Files">
      <UniqueIdentifier>{4FC737F1-C7A5-4376-A066-2A32D752A2FF}</UniqueIdentifier>
      <Extensions>cpp;c;cc;cxx;def;odl;idl;hpj;bat;asm;asmx</Extensions>
    </Filter>
    <Filter Include="Header Files">
      <UniqueIdentifier>{93995380-89BD-4b04-88EB-625FBE52EBFB}</UniqueIdentifier>
      <Extensions>h;hpp;hxx;hm;inl;inc;xsd</Extensions>
    </Filter>
    <Filter Include="Resource Files">
      <UniqueIdentifier>{67DA6AB6-F800-4c08-8B7A-83BB121AAD01}</UniqueIdentifier>
      <Extensions>rc;ico;cur;bmp;dlg;rc2;rct;bin;rgs;gif;jpg;jpeg;jpe;resx;tiff;tif;png;wav;mfcribbon-ms</Extensions>
    </Filter>
    <Filter Include="Source Files\Tabs">
      <UniqueIdentifier>{870f1d8d-25c5-41d8-b270-e17a574a7e78}</UniqueIdentifier>
    </Filter>
    <Filter Include="Source Files\VLCWrapper">
      <UniqueIdentifier>{3c2a25e6-851e-4c76-8f96-b0d6f31a240d}</UniqueIdentifier>
    </Filter>
    <Filter Include="Source Files\Network">
      <UniqueIdentifier>{f2d1df41-7298-473a-8d6c-6e25a68a5069}</UniqueIdentifier>
    </Filter>
  </ItemGroup>
  <ItemGroup>
    <Text Include="ReadMe.txt" />
  </ItemGroup>
  <ItemGroup>
    <ClInclude Include="PiInterfaceMFC.h">
      <Filter>Header Files</Filter>
    </ClInclude>
    <ClInclude Include="PiInterfaceMFCDlg.h">
      <Filter>Header Files</Filter>
    </ClInclude>
    <ClInclude Include="stdafx.h">
      <Filter>Header Files</Filter>
    </ClInclude>
    <ClInclude Include="targetver.h">
      <Filter>Header Files</Filter>
    </ClInclude>
    <ClInclude Include="Resource.h">
      <Filter>Header Files</Filter>
    </ClInclude>
    <ClInclude Include="MotionControlTab.h">
      <Filter>Header Files</Filter>
    </ClInclude>
    <ClInclude Include="SystemControlTab.h">
      <Filter>Header Files</Filter>
    </ClInclude>
    <ClInclude Include="VLC_Wrapper\VLCWrapper.h">
      <Filter>Header Files</Filter>
    </ClInclude>
    <ClInclude Include="VLC_Wrapper\VLCWrapperImpl.h">
      <Filter>Header Files</Filter>
    </ClInclude>
    <ClInclude Include="SSHClient.h">
      <Filter>Header Files</Filter>
    </ClInclude>
    <ClInclude Include="libssh\libssh.h">
      <Filter>Header Files</Filter>
    </ClInclude>
    <ClInclude Include="INIReader.h">
      <Filter>Header Files</Filter>
    </ClInclude>
    <ClInclude Include="Helper.h">
      <Filter>Header Files</Filter>
    </ClInclude>
  </ItemGroup>
  <ItemGroup>
    <ClCompile Include="PiInterfaceMFC.cpp">
      <Filter>Source Files</Filter>
    </ClCompile>
    <ClCompile Include="PiInterfaceMFCDlg.cpp">
      <Filter>Source Files</Filter>
    </ClCompile>
    <ClCompile Include="stdafx.cpp">
      <Filter>Source Files</Filter>
    </ClCompile>
    <ClCompile Include="MotionControlTab.cpp">
      <Filter>Source Files\Tabs</Filter>
    </ClCompile>
    <ClCompile Include="SystemControlTab.cpp">
      <Filter>Source Files\Tabs</Filter>
    </ClCompile>
    <ClCompile Include="VLC_Wrapper\VLCWrapper.cpp">
      <Filter>Source Files\VLCWrapper</Filter>
    </ClCompile>
    <ClCompile Include="VLC_Wrapper\VLCWrapperImpl.cpp">
      <Filter>Source Files\VLCWrapper</Filter>
    </ClCompile>
    <ClCompile Include="SSHClient.cpp">
      <Filter>Source Files\Network</Filter>
    </ClCompile>
  </ItemGroup>
  <ItemGroup>
    <ResourceCompile Include="PiInterfaceMFC.rc">
      <Filter>Resource Files</Filter>
    </ResourceCompile>
  </ItemGroup>
  <ItemGroup>
    <None Include="res\PiInterfaceMFC.rc2">
      <Filter>Resource Files</Filter>
    </None>
  </ItemGroup>
  <ItemGroup>
    <Image Include="res\PiInterfaceMFC.ico">
      <Filter>Resource Files</Filter>
    </Image>
  </ItemGroup>
</Project>